// !$*UTF8*$!
{
	archiveVersion = 1;
	classes = {
	};
	objectVersion = 77;
	objects = {

/* Begin PBXBuildFile section */
		6AE3E8402D2F67CA00BD01F2 /* Profile.swift in Sources */ = {isa = PBXBuildFile; fileRef = 6AE3E83F2D2F67CA00BD01F2 /* Profile.swift */; };
		6AE3E8422D2F699E00BD01F2 /* ProfileHost.swift in Sources */ = {isa = PBXBuildFile; fileRef = 6AE3E8412D2F699E00BD01F2 /* ProfileHost.swift */; };
		6AE3E8442D2F6A9600BD01F2 /* ProfileSummary.swift in Sources */ = {isa = PBXBuildFile; fileRef = 6AE3E8432D2F6A9600BD01F2 /* ProfileSummary.swift */; };
		6AE3E8462D2F703C00BD01F2 /* HikeBadge.swift in Sources */ = {isa = PBXBuildFile; fileRef = 6AE3E8452D2F703C00BD01F2 /* HikeBadge.swift */; };
/* End PBXBuildFile section */

/* Begin PBXContainerItemProxy section */
		6AE3E7812D2CFC0900BD01F2 /* PBXContainerItemProxy */ = {
			isa = PBXContainerItemProxy;
			containerPortal = 6AE3E7682D2CFC0600BD01F2 /* Project object */;
			proxyType = 1;
			remoteGlobalIDString = 6AE3E76F2D2CFC0600BD01F2;
			remoteInfo = swiftUI_landmarks;
		};
		6AE3E78B2D2CFC0900BD01F2 /* PBXContainerItemProxy */ = {
			isa = PBXContainerItemProxy;
			containerPortal = 6AE3E7682D2CFC0600BD01F2 /* Project object */;
			proxyType = 1;
			remoteGlobalIDString = 6AE3E76F2D2CFC0600BD01F2;
			remoteInfo = swiftUI_landmarks;
		};
/* End PBXContainerItemProxy section */

/* Begin PBXFileReference section */
		6AE3E7702D2CFC0600BD01F2 /* swiftUI_landmarks.app */ = {isa = PBXFileReference; explicitFileType = wrapper.application; includeInIndex = 0; path = swiftUI_landmarks.app; sourceTree = BUILT_PRODUCTS_DIR; };
		6AE3E7802D2CFC0900BD01F2 /* swiftUI_landmarksTests.xctest */ = {isa = PBXFileReference; explicitFileType = wrapper.cfbundle; includeInIndex = 0; path = swiftUI_landmarksTests.xctest; sourceTree = BUILT_PRODUCTS_DIR; };
		6AE3E78A2D2CFC0900BD01F2 /* swiftUI_landmarksUITests.xctest */ = {isa = PBXFileReference; explicitFileType = wrapper.cfbundle; includeInIndex = 0; path = swiftUI_landmarksUITests.xctest; sourceTree = BUILT_PRODUCTS_DIR; };
		6AE3E83F2D2F67CA00BD01F2 /* Profile.swift */ = {isa = PBXFileReference; lastKnownFileType = sourcecode.swift; path = Profile.swift; sourceTree = "<group>"; };
		6AE3E8412D2F699E00BD01F2 /* ProfileHost.swift */ = {isa = PBXFileReference; lastKnownFileType = sourcecode.swift; path = ProfileHost.swift; sourceTree = "<group>"; };
		6AE3E8432D2F6A9600BD01F2 /* ProfileSummary.swift */ = {isa = PBXFileReference; lastKnownFileType = sourcecode.swift; path = ProfileSummary.swift; sourceTree = "<group>"; };
		6AE3E8452D2F703C00BD01F2 /* HikeBadge.swift */ = {isa = PBXFileReference; lastKnownFileType = sourcecode.swift; path = HikeBadge.swift; sourceTree = "<group>"; };
/* End PBXFileReference section */

/* Begin PBXFileSystemSynchronizedRootGroup section */
		6AE3E7722D2CFC0600BD01F2 /* swiftUI_landmarks */ = {
			isa = PBXFileSystemSynchronizedRootGroup;
			path = swiftUI_landmarks;
			sourceTree = "<group>";
		};
		6AE3E7832D2CFC0900BD01F2 /* swiftUI_landmarksTests */ = {
			isa = PBXFileSystemSynchronizedRootGroup;
			path = swiftUI_landmarksTests;
			sourceTree = "<group>";
		};
		6AE3E78D2D2CFC0900BD01F2 /* swiftUI_landmarksUITests */ = {
			isa = PBXFileSystemSynchronizedRootGroup;
			path = swiftUI_landmarksUITests;
			sourceTree = "<group>";
		};
/* End PBXFileSystemSynchronizedRootGroup section */

/* Begin PBXFrameworksBuildPhase section */
		6AE3E76D2D2CFC0600BD01F2 /* Frameworks */ = {
			isa = PBXFrameworksBuildPhase;
			buildActionMask = 2147483647;
			files = (
			);
			runOnlyForDeploymentPostprocessing = 0;
		};
		6AE3E77D2D2CFC0900BD01F2 /* Frameworks */ = {
			isa = PBXFrameworksBuildPhase;
			buildActionMask = 2147483647;
			files = (
			);
			runOnlyForDeploymentPostprocessing = 0;
		};
		6AE3E7872D2CFC0900BD01F2 /* Frameworks */ = {
			isa = PBXFrameworksBuildPhase;
			buildActionMask = 2147483647;
			files = (
			);
			runOnlyForDeploymentPostprocessing = 0;
		};
/* End PBXFrameworksBuildPhase section */

/* Begin PBXGroup section */
		6AE3E7672D2CFC0600BD01F2 = {
			isa = PBXGroup;
			children = (
				6AE3E83F2D2F67CA00BD01F2 /* Profile.swift */,
				6AE3E8412D2F699E00BD01F2 /* ProfileHost.swift */,
				6AE3E8452D2F703C00BD01F2 /* HikeBadge.swift */,
				6AE3E8432D2F6A9600BD01F2 /* ProfileSummary.swift */,
				6AE3E7722D2CFC0600BD01F2 /* swiftUI_landmarks */,
				6AE3E7832D2CFC0900BD01F2 /* swiftUI_landmarksTests */,
				6AE3E78D2D2CFC0900BD01F2 /* swiftUI_landmarksUITests */,
				6AE3E7712D2CFC0600BD01F2 /* Products */,
			);
			sourceTree = "<group>";
		};
		6AE3E7712D2CFC0600BD01F2 /* Products */ = {
			isa = PBXGroup;
			children = (
				6AE3E7702D2CFC0600BD01F2 /* swiftUI_landmarks.app */,
				6AE3E7802D2CFC0900BD01F2 /* swiftUI_landmarksTests.xctest */,
				6AE3E78A2D2CFC0900BD01F2 /* swiftUI_landmarksUITests.xctest */,
			);
			name = Products;
			sourceTree = "<group>";
		};
/* End PBXGroup section */

/* Begin PBXNativeTarget section */
		6AE3E76F2D2CFC0600BD01F2 /* swiftUI_landmarks */ = {
			isa = PBXNativeTarget;
			buildConfigurationList = 6AE3E7942D2CFC0900BD01F2 /* Build configuration list for PBXNativeTarget "swiftUI_landmarks" */;
			buildPhases = (
				6AE3E76C2D2CFC0600BD01F2 /* Sources */,
				6AE3E76D2D2CFC0600BD01F2 /* Frameworks */,
				6AE3E76E2D2CFC0600BD01F2 /* Resources */,
			);
			buildRules = (
			);
			dependencies = (
			);
			fileSystemSynchronizedGroups = (
				6AE3E7722D2CFC0600BD01F2 /* swiftUI_landmarks */,
			);
			name = swiftUI_landmarks;
			packageProductDependencies = (
			);
			productName = swiftUI_landmarks;
			productReference = 6AE3E7702D2CFC0600BD01F2 /* swiftUI_landmarks.app */;
			productType = "com.apple.product-type.application";
		};
		6AE3E77F2D2CFC0900BD01F2 /* swiftUI_landmarksTests */ = {
			isa = PBXNativeTarget;
			buildConfigurationList = 6AE3E7972D2CFC0900BD01F2 /* Build configuration list for PBXNativeTarget "swiftUI_landmarksTests" */;
			buildPhases = (
				6AE3E77C2D2CFC0900BD01F2 /* Sources */,
				6AE3E77D2D2CFC0900BD01F2 /* Frameworks */,
				6AE3E77E2D2CFC0900BD01F2 /* Resources */,
			);
			buildRules = (
			);
			dependencies = (
				6AE3E7822D2CFC0900BD01F2 /* PBXTargetDependency */,
			);
			fileSystemSynchronizedGroups = (
				6AE3E7832D2CFC0900BD01F2 /* swiftUI_landmarksTests */,
			);
			name = swiftUI_landmarksTests;
			packageProductDependencies = (
			);
			productName = swiftUI_landmarksTests;
			productReference = 6AE3E7802D2CFC0900BD01F2 /* swiftUI_landmarksTests.xctest */;
			productType = "com.apple.product-type.bundle.unit-test";
		};
		6AE3E7892D2CFC0900BD01F2 /* swiftUI_landmarksUITests */ = {
			isa = PBXNativeTarget;
			buildConfigurationList = 6AE3E79A2D2CFC0900BD01F2 /* Build configuration list for PBXNativeTarget "swiftUI_landmarksUITests" */;
			buildPhases = (
				6AE3E7862D2CFC0900BD01F2 /* Sources */,
				6AE3E7872D2CFC0900BD01F2 /* Frameworks */,
				6AE3E7882D2CFC0900BD01F2 /* Resources */,
			);
			buildRules = (
			);
			dependencies = (
				6AE3E78C2D2CFC0900BD01F2 /* PBXTargetDependency */,
			);
			fileSystemSynchronizedGroups = (
				6AE3E78D2D2CFC0900BD01F2 /* swiftUI_landmarksUITests */,
			);
			name = swiftUI_landmarksUITests;
			packageProductDependencies = (
			);
			productName = swiftUI_landmarksUITests;
			productReference = 6AE3E78A2D2CFC0900BD01F2 /* swiftUI_landmarksUITests.xctest */;
			productType = "com.apple.product-type.bundle.ui-testing";
		};
/* End PBXNativeTarget section */

/* Begin PBXProject section */
		6AE3E7682D2CFC0600BD01F2 /* Project object */ = {
			isa = PBXProject;
			attributes = {
				BuildIndependentTargetsInParallel = 1;
				LastSwiftUpdateCheck = 1620;
				LastUpgradeCheck = 1620;
				TargetAttributes = {
					6AE3E76F2D2CFC0600BD01F2 = {
						CreatedOnToolsVersion = 16.2;
					};
					6AE3E77F2D2CFC0900BD01F2 = {
						CreatedOnToolsVersion = 16.2;
						TestTargetID = 6AE3E76F2D2CFC0600BD01F2;
					};
					6AE3E7892D2CFC0900BD01F2 = {
						CreatedOnToolsVersion = 16.2;
						TestTargetID = 6AE3E76F2D2CFC0600BD01F2;
					};
				};
			};
			buildConfigurationList = 6AE3E76B2D2CFC0600BD01F2 /* Build configuration list for PBXProject "swiftUI_landmarks" */;
			developmentRegion = en;
			hasScannedForEncodings = 0;
			knownRegions = (
				en,
				Base,
			);
			mainGroup = 6AE3E7672D2CFC0600BD01F2;
			minimizedProjectReferenceProxies = 1;
			preferredProjectObjectVersion = 77;
			productRefGroup = 6AE3E7712D2CFC0600BD01F2 /* Products */;
			projectDirPath = "";
			projectRoot = "";
			targets = (
				6AE3E76F2D2CFC0600BD01F2 /* swiftUI_landmarks */,
				6AE3E77F2D2CFC0900BD01F2 /* swiftUI_landmarksTests */,
				6AE3E7892D2CFC0900BD01F2 /* swiftUI_landmarksUITests */,
			);
		};
/* End PBXProject section */

/* Begin PBXResourcesBuildPhase section */
		6AE3E76E2D2CFC0600BD01F2 /* Resources */ = {
			isa = PBXResourcesBuildPhase;
			buildActionMask = 2147483647;
			files = (
			);
			runOnlyForDeploymentPostprocessing = 0;
		};
		6AE3E77E2D2CFC0900BD01F2 /* Resources */ = {
			isa = PBXResourcesBuildPhase;
			buildActionMask = 2147483647;
			files = (
			);
			runOnlyForDeploymentPostprocessing = 0;
		};
		6AE3E7882D2CFC0900BD01F2 /* Resources */ = {
			isa = PBXResourcesBuildPhase;
			buildActionMask = 2147483647;
			files = (
			);
			runOnlyForDeploymentPostprocessing = 0;
		};
/* End PBXResourcesBuildPhase section */

/* Begin PBXSourcesBuildPhase section */
		6AE3E76C2D2CFC0600BD01F2 /* Sources */ = {
			isa = PBXSourcesBuildPhase;
			buildActionMask = 2147483647;
			files = (
				6AE3E8402D2F67CA00BD01F2 /* Profile.swift in Sources */,
				6AE3E8442D2F6A9600BD01F2 /* ProfileSummary.swift in Sources */,
				6AE3E8422D2F699E00BD01F2 /* ProfileHost.swift in Sources */,
				6AE3E8462D2F703C00BD01F2 /* HikeBadge.swift in Sources */,
			);
			runOnlyForDeploymentPostprocessing = 0;
		};
		6AE3E77C2D2CFC0900BD01F2 /* Sources */ = {
			isa = PBXSourcesBuildPhase;
			buildActionMask = 2147483647;
			files = (
			);
			runOnlyForDeploymentPostprocessing = 0;
		};
		6AE3E7862D2CFC0900BD01F2 /* Sources */ = {
			isa = PBXSourcesBuildPhase;
			buildActionMask = 2147483647;
			files = (
			);
			runOnlyForDeploymentPostprocessing = 0;
		};
/* End PBXSourcesBuildPhase section */

/* Begin PBXTargetDependency section */
		6AE3E7822D2CFC0900BD01F2 /* PBXTargetDependency */ = {
			isa = PBXTargetDependency;
			target = 6AE3E76F2D2CFC0600BD01F2 /* swiftUI_landmarks */;
			targetProxy = 6AE3E7812D2CFC0900BD01F2 /* PBXContainerItemProxy */;
		};
		6AE3E78C2D2CFC0900BD01F2 /* PBXTargetDependency */ = {
			isa = PBXTargetDependency;
			target = 6AE3E76F2D2CFC0600BD01F2 /* swiftUI_landmarks */;
			targetProxy = 6AE3E78B2D2CFC0900BD01F2 /* PBXContainerItemProxy */;
		};
/* End PBXTargetDependency section */

/* Begin XCBuildConfiguration section */
		6AE3E7922D2CFC0900BD01F2 /* Debug */ = {
			isa = XCBuildConfiguration;
			buildSettings = {
				ALWAYS_SEARCH_USER_PATHS = NO;
				ASSETCATALOG_COMPILER_GENERATE_SWIFT_ASSET_SYMBOL_EXTENSIONS = YES;
				CLANG_ANALYZER_NONNULL = YES;
				CLANG_ANALYZER_NUMBER_OBJECT_CONVERSION = YES_AGGRESSIVE;
				CLANG_CXX_LANGUAGE_STANDARD = "gnu++20";
				CLANG_ENABLE_MODULES = YES;
				CLANG_ENABLE_OBJC_ARC = YES;
				CLANG_ENABLE_OBJC_WEAK = YES;
				CLANG_WARN_BLOCK_CAPTURE_AUTORELEASING = YES;
				CLANG_WARN_BOOL_CONVERSION = YES;
				CLANG_WARN_COMMA = YES;
				CLANG_WARN_CONSTANT_CONVERSION = YES;
				CLANG_WARN_DEPRECATED_OBJC_IMPLEMENTATIONS = YES;
				CLANG_WARN_DIRECT_OBJC_ISA_USAGE = YES_ERROR;
				CLANG_WARN_DOCUMENTATION_COMMENTS = YES;
				CLANG_WARN_EMPTY_BODY = YES;
				CLANG_WARN_ENUM_CONVERSION = YES;
				CLANG_WARN_INFINITE_RECURSION = YES;
				CLANG_WARN_INT_CONVERSION = YES;
				CLANG_WARN_NON_LITERAL_NULL_CONVERSION = YES;
				CLANG_WARN_OBJC_IMPLICIT_RETAIN_SELF = YES;
				CLANG_WARN_OBJC_LITERAL_CONVERSION = YES;
				CLANG_WARN_OBJC_ROOT_CLASS = YES_ERROR;
				CLANG_WARN_QUOTED_INCLUDE_IN_FRAMEWORK_HEADER = YES;
				CLANG_WARN_RANGE_LOOP_ANALYSIS = YES;
				CLANG_WARN_STRICT_PROTOTYPES = YES;
				CLANG_WARN_SUSPICIOUS_MOVE = YES;
				CLANG_WARN_UNGUARDED_AVAILABILITY = YES_AGGRESSIVE;
				CLANG_WARN_UNREACHABLE_CODE = YES;
				CLANG_WARN__DUPLICATE_METHOD_MATCH = YES;
				COPY_PHASE_STRIP = NO;
				DEBUG_INFORMATION_FORMAT = dwarf;
				ENABLE_STRICT_OBJC_MSGSEND = YES;
				ENABLE_TESTABILITY = YES;
				ENABLE_USER_SCRIPT_SANDBOXING = YES;
				GCC_C_LANGUAGE_STANDARD = gnu17;
				GCC_DYNAMIC_NO_PIC = NO;
				GCC_NO_COMMON_BLOCKS = YES;
				GCC_OPTIMIZATION_LEVEL = 0;
				GCC_PREPROCESSOR_DEFINITIONS = (
					"DEBUG=1",
					"$(inherited)",
				);
				GCC_WARN_64_TO_32_BIT_CONVERSION = YES;
				GCC_WARN_ABOUT_RETURN_TYPE = YES_ERROR;
				GCC_WARN_UNDECLARED_SELECTOR = YES;
				GCC_WARN_UNINITIALIZED_AUTOS = YES_AGGRESSIVE;
				GCC_WARN_UNUSED_FUNCTION = YES;
				GCC_WARN_UNUSED_VARIABLE = YES;
				IPHONEOS_DEPLOYMENT_TARGET = 18.2;
				LOCALIZATION_PREFERS_STRING_CATALOGS = YES;
				MTL_ENABLE_DEBUG_INFO = INCLUDE_SOURCE;
				MTL_FAST_MATH = YES;
				ONLY_ACTIVE_ARCH = YES;
				SDKROOT = iphoneos;
				SWIFT_ACTIVE_COMPILATION_CONDITIONS = "DEBUG $(inherited)";
				SWIFT_OPTIMIZATION_LEVEL = "-Onone";
			};
			name = Debug;
		};
		6AE3E7932D2CFC0900BD01F2 /* Release */ = {
			isa = XCBuildConfiguration;
			buildSettings = {
				ALWAYS_SEARCH_USER_PATHS = NO;
				ASSETCATALOG_COMPILER_GENERATE_SWIFT_ASSET_SYMBOL_EXTENSIONS = YES;
				CLANG_ANALYZER_NONNULL = YES;
				CLANG_ANALYZER_NUMBER_OBJECT_CONVERSION = YES_AGGRESSIVE;
				CLANG_CXX_LANGUAGE_STANDARD = "gnu++20";
				CLANG_ENABLE_MODULES = YES;
				CLANG_ENABLE_OBJC_ARC = YES;
				CLANG_ENABLE_OBJC_WEAK = YES;
				CLANG_WARN_BLOCK_CAPTURE_AUTORELEASING = YES;
				CLANG_WARN_BOOL_CONVERSION = YES;
				CLANG_WARN_COMMA = YES;
				CLANG_WARN_CONSTANT_CONVERSION = YES;
				CLANG_WARN_DEPRECATED_OBJC_IMPLEMENTATIONS = YES;
				CLANG_WARN_DIRECT_OBJC_ISA_USAGE = YES_ERROR;
				CLANG_WARN_DOCUMENTATION_COMMENTS = YES;
				CLANG_WARN_EMPTY_BODY = YES;
				CLANG_WARN_ENUM_CONVERSION = YES;
				CLANG_WARN_INFINITE_RECURSION = YES;
				CLANG_WARN_INT_CONVERSION = YES;
				CLANG_WARN_NON_LITERAL_NULL_CONVERSION = YES;
				CLANG_WARN_OBJC_IMPLICIT_RETAIN_SELF = YES;
				CLANG_WARN_OBJC_LITERAL_CONVERSION = YES;
				CLANG_WARN_OBJC_ROOT_CLASS = YES_ERROR;
				CLANG_WARN_QUOTED_INCLUDE_IN_FRAMEWORK_HEADER = YES;
				CLANG_WARN_RANGE_LOOP_ANALYSIS = YES;
				CLANG_WARN_STRICT_PROTOTYPES = YES;
				CLANG_WARN_SUSPICIOUS_MOVE = YES;
				CLANG_WARN_UNGUARDED_AVAILABILITY = YES_AGGRESSIVE;
				CLANG_WARN_UNREACHABLE_CODE = YES;
				CLANG_WARN__DUPLICATE_METHOD_MATCH = YES;
				COPY_PHASE_STRIP = NO;
				DEBUG_INFORMATION_FORMAT = "dwarf-with-dsym";
				ENABLE_NS_ASSERTIONS = NO;
				ENABLE_STRICT_OBJC_MSGSEND = YES;
				ENABLE_USER_SCRIPT_SANDBOXING = YES;
				GCC_C_LANGUAGE_STANDARD = gnu17;
				GCC_NO_COMMON_BLOCKS = YES;
				GCC_WARN_64_TO_32_BIT_CONVERSION = YES;
				GCC_WARN_ABOUT_RETURN_TYPE = YES_ERROR;
				GCC_WARN_UNDECLARED_SELECTOR = YES;
				GCC_WARN_UNINITIALIZED_AUTOS = YES_AGGRESSIVE;
				GCC_WARN_UNUSED_FUNCTION = YES;
				GCC_WARN_UNUSED_VARIABLE = YES;
				IPHONEOS_DEPLOYMENT_TARGET = 18.2;
				LOCALIZATION_PREFERS_STRING_CATALOGS = YES;
				MTL_ENABLE_DEBUG_INFO = NO;
				MTL_FAST_MATH = YES;
				SDKROOT = iphoneos;
				SWIFT_COMPILATION_MODE = wholemodule;
				VALIDATE_PRODUCT = YES;
			};
			name = Release;
		};
		6AE3E7952D2CFC0900BD01F2 /* Debug */ = {
			isa = XCBuildConfiguration;
			buildSettings = {
				ASSETCATALOG_COMPILER_APPICON_NAME = AppIcon;
				ASSETCATALOG_COMPILER_GLOBAL_ACCENT_COLOR_NAME = AccentColor;
				CODE_SIGN_STYLE = Automatic;
				CURRENT_PROJECT_VERSION = 1;
				DEVELOPMENT_ASSET_PATHS = "\"swiftUI_landmarks/Preview Content\"";
				ENABLE_PREVIEWS = YES;
				GENERATE_INFOPLIST_FILE = YES;
				INFOPLIST_KEY_UIApplicationSceneManifest_Generation = YES;
				INFOPLIST_KEY_UIApplicationSupportsIndirectInputEvents = YES;
				INFOPLIST_KEY_UILaunchScreen_Generation = YES;
				INFOPLIST_KEY_UISupportedInterfaceOrientations_iPad = "UIInterfaceOrientationPortrait UIInterfaceOrientationPortraitUpsideDown UIInterfaceOrientationLandscapeLeft UIInterfaceOrientationLandscapeRight";
				INFOPLIST_KEY_UISupportedInterfaceOrientations_iPhone = "UIInterfaceOrientationPortrait UIInterfaceOrientationLandscapeLeft UIInterfaceOrientationLandscapeRight";
				LD_RUNPATH_SEARCH_PATHS = (
					"$(inherited)",
					"@executable_path/Frameworks",
				);
				MARKETING_VERSION = 1.0;
				PRODUCT_BUNDLE_IDENTIFIER = "tw.com.uuu.swiftUI-landmarks";
				PRODUCT_NAME = "$(TARGET_NAME)";
				SWIFT_EMIT_LOC_STRINGS = YES;
				SWIFT_VERSION = 5.0;
				TARGETED_DEVICE_FAMILY = "1,2";
			};
			name = Debug;
		};
		6AE3E7962D2CFC0900BD01F2 /* Release */ = {
			isa = XCBuildConfiguration;
			buildSettings = {
				ASSETCATALOG_COMPILER_APPICON_NAME = AppIcon;
				ASSETCATALOG_COMPILER_GLOBAL_ACCENT_COLOR_NAME = AccentColor;
				CODE_SIGN_STYLE = Automatic;
				CURRENT_PROJECT_VERSION = 1;
				DEVELOPMENT_ASSET_PATHS = "\"swiftUI_landmarks/Preview Content\"";
				ENABLE_PREVIEWS = YES;
				GENERATE_INFOPLIST_FILE = YES;
				INFOPLIST_KEY_UIApplicationSceneManifest_Generation = YES;
				INFOPLIST_KEY_UIApplicationSupportsIndirectInputEvents = YES;
				INFOPLIST_KEY_UILaunchScreen_Generation = YES;
				INFOPLIST_KEY_UISupportedInterfaceOrientations_iPad = "UIInterfaceOrientationPortrait UIInterfaceOrientationPortraitUpsideDown UIInterfaceOrientationLandscapeLeft UIInterfaceOrientationLandscapeRight";
				INFOPLIST_KEY_UISupportedInterfaceOrientations_iPhone = "UIInterfaceOrientationPortrait UIInterfaceOrientationLandscapeLeft UIInterfaceOrientationLandscapeRight";
				LD_RUNPATH_SEARCH_PATHS = (
					"$(inherited)",
					"@executable_path/Frameworks",
				);
				MARKETING_VERSION = 1.0;
				PRODUCT_BUNDLE_IDENTIFIER = "tw.com.uuu.swiftUI-landmarks";
				PRODUCT_NAME = "$(TARGET_NAME)";
				SWIFT_EMIT_LOC_STRINGS = YES;
				SWIFT_VERSION = 5.0;
				TARGETED_DEVICE_FAMILY = "1,2";
			};
			name = Release;
		};
		6AE3E7982D2CFC0900BD01F2 /* Debug */ = {
			isa = XCBuildConfiguration;
			buildSettings = {
				BUNDLE_LOADER = "$(TEST_HOST)";
				CODE_SIGN_STYLE = Automatic;
				CURRENT_PROJECT_VERSION = 1;
				GENERATE_INFOPLIST_FILE = YES;
				IPHONEOS_DEPLOYMENT_TARGET = 18.2;
				MARKETING_VERSION = 1.0;
				PRODUCT_BUNDLE_IDENTIFIER = "tw.com.uuu.swiftUI-landmarksTests";
				PRODUCT_NAME = "$(TARGET_NAME)";
				SWIFT_EMIT_LOC_STRINGS = NO;
				SWIFT_VERSION = 5.0;
				TARGETED_DEVICE_FAMILY = "1,2";
				TEST_HOST = "$(BUILT_PRODUCTS_DIR)/swiftUI_landmarks.app/$(BUNDLE_EXECUTABLE_FOLDER_PATH)/swiftUI_landmarks";
			};
			name = Debug;
		};
		6AE3E7992D2CFC0900BD01F2 /* Release */ = {
			isa = XCBuildConfiguration;
			buildSettings = {
				BUNDLE_LOADER = "$(TEST_HOST)";
				CODE_SIGN_STYLE = Automatic;
				CURRENT_PROJECT_VERSION = 1;
				GENERATE_INFOPLIST_FILE = YES;
				IPHONEOS_DEPLOYMENT_TARGET = 18.2;
				MARKETING_VERSION = 1.0;
				PRODUCT_BUNDLE_IDENTIFIER = "tw.com.uuu.swiftUI-landmarksTests";
				PRODUCT_NAME = "$(TARGET_NAME)";
				SWIFT_EMIT_LOC_STRINGS = NO;
				SWIFT_VERSION = 5.0;
				TARGETED_DEVICE_FAMILY = "1,2";
				TEST_HOST = "$(BUILT_PRODUCTS_DIR)/swiftUI_landmarks.app/$(BUNDLE_EXECUTABLE_FOLDER_PATH)/swiftUI_landmarks";
			};
			name = Release;
		};
		6AE3E79B2D2CFC0900BD01F2 /* Debug */ = {
			isa = XCBuildConfiguration;
			buildSettings = {
				CODE_SIGN_STYLE = Automatic;
				CURRENT_PROJECT_VERSION = 1;
				GENERATE_INFOPLIST_FILE = YES;
				MARKETING_VERSION = 1.0;
				PRODUCT_BUNDLE_IDENTIFIER = "tw.com.uuu.swiftUI-landmarksUITests";
				PRODUCT_NAME = "$(TARGET_NAME)";
				SWIFT_EMIT_LOC_STRINGS = NO;
				SWIFT_VERSION = 5.0;
				TARGETED_DEVICE_FAMILY = "1,2";
				TEST_TARGET_NAME = swiftUI_landmarks;
			};
			name = Debug;
		};
		6AE3E79C2D2CFC0900BD01F2 /* Release */ = {
			isa = XCBuildConfiguration;
			buildSettings = {
				CODE_SIGN_STYLE = Automatic;
				CURRENT_PROJECT_VERSION = 1;
				GENERATE_INFOPLIST_FILE = YES;
				MARKETING_VERSION = 1.0;
				PRODUCT_BUNDLE_IDENTIFIER = "tw.com.uuu.swiftUI-landmarksUITests";
				PRODUCT_NAME = "$(TARGET_NAME)";
				SWIFT_EMIT_LOC_STRINGS = NO;
				SWIFT_VERSION = 5.0;
				TARGETED_DEVICE_FAMILY = "1,2";
				TEST_TARGET_NAME = swiftUI_landmarks;
			};
			name = Release;
		};
/* End XCBuildConfiguration section */

/* Begin XCConfigurationList section */
		6AE3E76B2D2CFC0600BD01F2 /* Build configuration list for PBXProject "swiftUI_landmarks" */ = {
			isa = XCConfigurationList;
			buildConfigurations = (
				6AE3E7922D2CFC0900BD01F2 /* Debug */,
				6AE3E7932D2CFC0900BD01F2 /* Release */,
			);
			defaultConfigurationIsVisible = 0;
			defaultConfigurationName = Release;
		};
		6AE3E7942D2CFC0900BD01F2 /* Build configuration list for PBXNativeTarget "swiftUI_landmarks" */ = {
			isa = XCConfigurationList;
			buildConfigurations = (
				6AE3E7952D2CFC0900BD01F2 /* Debug */,
				6AE3E7962D2CFC0900BD01F2 /* Release */,
			);
			defaultConfigurationIsVisible = 0;
			defaultConfigurationName = Release;
		};
		6AE3E7972D2CFC0900BD01F2 /* Build configuration list for PBXNativeTarget "swiftUI_landmarksTests" */ = {
			isa = XCConfigurationList;
			buildConfigurations = (
				6AE3E7982D2CFC0900BD01F2 /* Debug */,
				6AE3E7992D2CFC0900BD01F2 /* Release */,
			);
			defaultConfigurationIsVisible = 0;
			defaultConfigurationName = Release;
		};
		6AE3E79A2D2CFC0900BD01F2 /* Build configuration list for PBXNativeTarget "swiftUI_landmarksUITests" */ = {
			isa = XCConfigurationList;
			buildConfigurations = (
				6AE3E79B2D2CFC0900BD01F2 /* Debug */,
				6AE3E79C2D2CFC0900BD01F2 /* Release */,
			);
			defaultConfigurationIsVisible = 0;
			defaultConfigurationName = Release;
		};
/* End XCConfigurationList section */
	};
	rootObject = 6AE3E7682D2CFC0600BD01F2 /* Project object */;
}
