// !$*UTF8*$!
{
	archiveVersion = 1;
	classes = {
	};
	objectVersion = 77;
	objects = {

/* Begin PBXBuildFile section */
		6A33564D2D30D0880073BBC0 /* WatchLandmarks Watch App.app in Embed Watch Content */ = {isa = PBXBuildFile; fileRef = 6A33562A2D30D0860073BBC0 /* WatchLandmarks Watch App.app */; settings = {ATTRIBUTES = (RemoveHeadersOnCopy, ); }; };
/* End PBXBuildFile section */

/* Begin PBXContainerItemProxy section */
		6A33563A2D30D0880073BBC0 /* PBXContainerItemProxy */ = {
			isa = PBXContainerItemProxy;
			containerPortal = 6AE3E7682D2CFC0600BD01F2 /* Project object */;
			proxyType = 1;
			remoteGlobalIDString = 6A3356292D30D0860073BBC0;
			remoteInfo = "WatchLandmarks Watch App";
		};
		6A3356442D30D0880073BBC0 /* PBXContainerItemProxy */ = {
			isa = PBXContainerItemProxy;
			containerPortal = 6AE3E7682D2CFC0600BD01F2 /* Project object */;
			proxyType = 1;
			remoteGlobalIDString = 6A3356292D30D0860073BBC0;
			remoteInfo = "WatchLandmarks Watch App";
		};
		6A33564B2D30D0880073BBC0 /* PBXContainerItemProxy */ = {
			isa = PBXContainerItemProxy;
			containerPortal = 6AE3E7682D2CFC0600BD01F2 /* Project object */;
			proxyType = 1;
			remoteGlobalIDString = 6A3356292D30D0860073BBC0;
			remoteInfo = "WatchLandmarks Watch App";
		};
		6AE3E7812D2CFC0900BD01F2 /* PBXContainerItemProxy */ = {
			isa = PBXContainerItemProxy;
			containerPortal = 6AE3E7682D2CFC0600BD01F2 /* Project object */;
			proxyType = 1;
			remoteGlobalIDString = 6AE3E76F2D2CFC0600BD01F2;
			remoteInfo = swiftUI_landmarks;
		};
		6AE3E78B2D2CFC0900BD01F2 /* PBXContainerItemProxy */ = {
			isa = PBXContainerItemProxy;
			containerPortal = 6AE3E7682D2CFC0600BD01F2 /* Project object */;
			proxyType = 1;
			remoteGlobalIDString = 6AE3E76F2D2CFC0600BD01F2;
			remoteInfo = swiftUI_landmarks;
		};
/* End PBXContainerItemProxy section */

/* Begin PBXCopyFilesBuildPhase section */
		6A33564E2D30D0880073BBC0 /* Embed Watch Content */ = {
			isa = PBXCopyFilesBuildPhase;
			buildActionMask = 2147483647;
			dstPath = "$(CONTENTS_FOLDER_PATH)/Watch";
			dstSubfolderSpec = 16;
			files = (
				6A33564D2D30D0880073BBC0 /* WatchLandmarks Watch App.app in Embed Watch Content */,
			);
			name = "Embed Watch Content";
			runOnlyForDeploymentPostprocessing = 0;
		};
/* End PBXCopyFilesBuildPhase section */

/* Begin PBXFileReference section */
		6A33562A2D30D0860073BBC0 /* WatchLandmarks Watch App.app */ = {isa = PBXFileReference; explicitFileType = wrapper.application; includeInIndex = 0; path = "WatchLandmarks Watch App.app"; sourceTree = BUILT_PRODUCTS_DIR; };
		6A3356392D30D0880073BBC0 /* WatchLandmarks Watch AppTests.xctest */ = {isa = PBXFileReference; explicitFileType = wrapper.cfbundle; includeInIndex = 0; path = "WatchLandmarks Watch AppTests.xctest"; sourceTree = BUILT_PRODUCTS_DIR; };
		6A3356432D30D0880073BBC0 /* WatchLandmarks Watch AppUITests.xctest */ = {isa = PBXFileReference; explicitFileType = wrapper.cfbundle; includeInIndex = 0; path = "WatchLandmarks Watch AppUITests.xctest"; sourceTree = BUILT_PRODUCTS_DIR; };
		6AE3E7702D2CFC0600BD01F2 /* swiftUI_landmarks.app */ = {isa = PBXFileReference; explicitFileType = wrapper.application; includeInIndex = 0; path = swiftUI_landmarks.app; sourceTree = BUILT_PRODUCTS_DIR; };
		6AE3E7802D2CFC0900BD01F2 /* swiftUI_landmarksTests.xctest */ = {isa = PBXFileReference; explicitFileType = wrapper.cfbundle; includeInIndex = 0; path = swiftUI_landmarksTests.xctest; sourceTree = BUILT_PRODUCTS_DIR; };
		6AE3E78A2D2CFC0900BD01F2 /* swiftUI_landmarksUITests.xctest */ = {isa = PBXFileReference; explicitFileType = wrapper.cfbundle; includeInIndex = 0; path = swiftUI_landmarksUITests.xctest; sourceTree = BUILT_PRODUCTS_DIR; };
/* End PBXFileReference section */

/* Begin PBXFileSystemSynchronizedBuildFileExceptionSet section */
		6A3356592D30E2FD0073BBC0 /* Exceptions for "swiftUI_landmarks" folder in "WatchLandmarks Watch App" target */ = {
			isa = PBXFileSystemSynchronizedBuildFileExceptionSet;
			membershipExceptions = (
				Assets.xcassets,
				CircleImage.swift,
				Hike.swift,
				hikeData.json,
				Landmark.swift,
				landmarkData.json,
				MapView.swift,
				ModelData.swift,
				Profile.swift,
				swiftUI_landmarksApp.swift,
			);
			target = 6A3356292D30D0860073BBC0 /* WatchLandmarks Watch App */;
		};
/* End PBXFileSystemSynchronizedBuildFileExceptionSet section */

/* Begin PBXFileSystemSynchronizedRootGroup section */
		6A33562B2D30D0860073BBC0 /* WatchLandmarks Watch App */ = {
			isa = PBXFileSystemSynchronizedRootGroup;
			path = "WatchLandmarks Watch App";
			sourceTree = "<group>";
		};
		6A33563C2D30D0880073BBC0 /* WatchLandmarks Watch AppTests */ = {
			isa = PBXFileSystemSynchronizedRootGroup;
			path = "WatchLandmarks Watch AppTests";
			sourceTree = "<group>";
		};
		6A3356462D30D0880073BBC0 /* WatchLandmarks Watch AppUITests */ = {
			isa = PBXFileSystemSynchronizedRootGroup;
			path = "WatchLandmarks Watch AppUITests";
			sourceTree = "<group>";
		};
		6AE3E7722D2CFC0600BD01F2 /* swiftUI_landmarks */ = {
			isa = PBXFileSystemSynchronizedRootGroup;
			exceptions = (
				6A3356592D30E2FD0073BBC0 /* Exceptions for "swiftUI_landmarks" folder in "WatchLandmarks Watch App" target */,
			);
			path = swiftUI_landmarks;
			sourceTree = "<group>";
		};
		6AE3E7832D2CFC0900BD01F2 /* swiftUI_landmarksTests */ = {
			isa = PBXFileSystemSynchronizedRootGroup;
			path = swiftUI_landmarksTests;
			sourceTree = "<group>";
		};
		6AE3E78D2D2CFC0900BD01F2 /* swiftUI_landmarksUITests */ = {
			isa = PBXFileSystemSynchronizedRootGroup;
			path = swiftUI_landmarksUITests;
			sourceTree = "<group>";
		};
/* End PBXFileSystemSynchronizedRootGroup section */

/* Begin PBXFrameworksBuildPhase section */
		6A3356272D30D0860073BBC0 /* Frameworks */ = {
			isa = PBXFrameworksBuildPhase;
			buildActionMask = 2147483647;
			files = (
			);
			runOnlyForDeploymentPostprocessing = 0;
		};
		6A3356362D30D0880073BBC0 /* Frameworks */ = {
			isa = PBXFrameworksBuildPhase;
			buildActionMask = 2147483647;
			files = (
			);
			runOnlyForDeploymentPostprocessing = 0;
		};
		6A3356402D30D0880073BBC0 /* Frameworks */ = {
			isa = PBXFrameworksBuildPhase;
			buildActionMask = 2147483647;
			files = (
			);
			runOnlyForDeploymentPostprocessing = 0;
		};
		6AE3E76D2D2CFC0600BD01F2 /* Frameworks */ = {
			isa = PBXFrameworksBuildPhase;
			buildActionMask = 2147483647;
			files = (
			);
			runOnlyForDeploymentPostprocessing = 0;
		};
		6AE3E77D2D2CFC0900BD01F2 /* Frameworks */ = {
			isa = PBXFrameworksBuildPhase;
			buildActionMask = 2147483647;
			files = (
			);
			runOnlyForDeploymentPostprocessing = 0;
		};
		6AE3E7872D2CFC0900BD01F2 /* Frameworks */ = {
			isa = PBXFrameworksBuildPhase;
			buildActionMask = 2147483647;
			files = (
			);
			runOnlyForDeploymentPostprocessing = 0;
		};
/* End PBXFrameworksBuildPhase section */

/* Begin PBXGroup section */
		6AE3E7672D2CFC0600BD01F2 = {
			isa = PBXGroup;
			children = (
				6AE3E7722D2CFC0600BD01F2 /* swiftUI_landmarks */,
				6AE3E7832D2CFC0900BD01F2 /* swiftUI_landmarksTests */,
				6AE3E78D2D2CFC0900BD01F2 /* swiftUI_landmarksUITests */,
				6A33562B2D30D0860073BBC0 /* WatchLandmarks Watch App */,
				6A33563C2D30D0880073BBC0 /* WatchLandmarks Watch AppTests */,
				6A3356462D30D0880073BBC0 /* WatchLandmarks Watch AppUITests */,
				6AE3E7712D2CFC0600BD01F2 /* Products */,
			);
			sourceTree = "<group>";
		};
		6AE3E7712D2CFC0600BD01F2 /* Products */ = {
			isa = PBXGroup;
			children = (
				6AE3E7702D2CFC0600BD01F2 /* swiftUI_landmarks.app */,
				6AE3E7802D2CFC0900BD01F2 /* swiftUI_landmarksTests.xctest */,
				6AE3E78A2D2CFC0900BD01F2 /* swiftUI_landmarksUITests.xctest */,
				6A33562A2D30D0860073BBC0 /* WatchLandmarks Watch App.app */,
				6A3356392D30D0880073BBC0 /* WatchLandmarks Watch AppTests.xctest */,
				6A3356432D30D0880073BBC0 /* WatchLandmarks Watch AppUITests.xctest */,
			);
			name = Products;
			sourceTree = "<group>";
		};
/* End PBXGroup section */

/* Begin PBXNativeTarget section */
		6A3356292D30D0860073BBC0 /* WatchLandmarks Watch App */ = {
			isa = PBXNativeTarget;
			buildConfigurationList = 6A3356552D30D0880073BBC0 /* Build configuration list for PBXNativeTarget "WatchLandmarks Watch App" */;
			buildPhases = (
				6A3356262D30D0860073BBC0 /* Sources */,
				6A3356272D30D0860073BBC0 /* Frameworks */,
				6A3356282D30D0860073BBC0 /* Resources */,
			);
			buildRules = (
			);
			dependencies = (
			);
			fileSystemSynchronizedGroups = (
				6A33562B2D30D0860073BBC0 /* WatchLandmarks Watch App */,
			);
			name = "WatchLandmarks Watch App";
			packageProductDependencies = (
			);
			productName = "WatchLandmarks Watch App";
			productReference = 6A33562A2D30D0860073BBC0 /* WatchLandmarks Watch App.app */;
			productType = "com.apple.product-type.application";
		};
		6A3356382D30D0880073BBC0 /* WatchLandmarks Watch AppTests */ = {
			isa = PBXNativeTarget;
			buildConfigurationList = 6A3356562D30D0880073BBC0 /* Build configuration list for PBXNativeTarget "WatchLandmarks Watch AppTests" */;
			buildPhases = (
				6A3356352D30D0880073BBC0 /* Sources */,
				6A3356362D30D0880073BBC0 /* Frameworks */,
				6A3356372D30D0880073BBC0 /* Resources */,
			);
			buildRules = (
			);
			dependencies = (
				6A33563B2D30D0880073BBC0 /* PBXTargetDependency */,
			);
			fileSystemSynchronizedGroups = (
				6A33563C2D30D0880073BBC0 /* WatchLandmarks Watch AppTests */,
			);
			name = "WatchLandmarks Watch AppTests";
			packageProductDependencies = (
			);
			productName = "WatchLandmarks Watch AppTests";
			productReference = 6A3356392D30D0880073BBC0 /* WatchLandmarks Watch AppTests.xctest */;
			productType = "com.apple.product-type.bundle.unit-test";
		};
		6A3356422D30D0880073BBC0 /* WatchLandmarks Watch AppUITests */ = {
			isa = PBXNativeTarget;
			buildConfigurationList = 6A3356572D30D0880073BBC0 /* Build configuration list for PBXNativeTarget "WatchLandmarks Watch AppUITests" */;
			buildPhases = (
				6A33563F2D30D0880073BBC0 /* Sources */,
				6A3356402D30D0880073BBC0 /* Frameworks */,
				6A3356412D30D0880073BBC0 /* Resources */,
			);
			buildRules = (
			);
			dependencies = (
				6A3356452D30D0880073BBC0 /* PBXTargetDependency */,
			);
			fileSystemSynchronizedGroups = (
				6A3356462D30D0880073BBC0 /* WatchLandmarks Watch AppUITests */,
			);
			name = "WatchLandmarks Watch AppUITests";
			packageProductDependencies = (
			);
			productName = "WatchLandmarks Watch AppUITests";
			productReference = 6A3356432D30D0880073BBC0 /* WatchLandmarks Watch AppUITests.xctest */;
			productType = "com.apple.product-type.bundle.ui-testing";
		};
		6AE3E76F2D2CFC0600BD01F2 /* swiftUI_landmarks */ = {
			isa = PBXNativeTarget;
			buildConfigurationList = 6AE3E7942D2CFC0900BD01F2 /* Build configuration list for PBXNativeTarget "swiftUI_landmarks" */;
			buildPhases = (
				6AE3E76C2D2CFC0600BD01F2 /* Sources */,
				6AE3E76D2D2CFC0600BD01F2 /* Frameworks */,
				6AE3E76E2D2CFC0600BD01F2 /* Resources */,
				6A33564E2D30D0880073BBC0 /* Embed Watch Content */,
			);
			buildRules = (
			);
			dependencies = (
				6A33564C2D30D0880073BBC0 /* PBXTargetDependency */,
			);
			fileSystemSynchronizedGroups = (
				6AE3E7722D2CFC0600BD01F2 /* swiftUI_landmarks */,
			);
			name = swiftUI_landmarks;
			packageProductDependencies = (
			);
			productName = swiftUI_landmarks;
			productReference = 6AE3E7702D2CFC0600BD01F2 /* swiftUI_landmarks.app */;
			productType = "com.apple.product-type.application";
		};
		6AE3E77F2D2CFC0900BD01F2 /* swiftUI_landmarksTests */ = {
			isa = PBXNativeTarget;
			buildConfigurationList = 6AE3E7972D2CFC0900BD01F2 /* Build configuration list for PBXNativeTarget "swiftUI_landmarksTests" */;
			buildPhases = (
				6AE3E77C2D2CFC0900BD01F2 /* Sources */,
				6AE3E77D2D2CFC0900BD01F2 /* Frameworks */,
				6AE3E77E2D2CFC0900BD01F2 /* Resources */,
			);
			buildRules = (
			);
			dependencies = (
				6AE3E7822D2CFC0900BD01F2 /* PBXTargetDependency */,
			);
			fileSystemSynchronizedGroups = (
				6AE3E7832D2CFC0900BD01F2 /* swiftUI_landmarksTests */,
			);
			name = swiftUI_landmarksTests;
			packageProductDependencies = (
			);
			productName = swiftUI_landmarksTests;
			productReference = 6AE3E7802D2CFC0900BD01F2 /* swiftUI_landmarksTests.xctest */;
			productType = "com.apple.product-type.bundle.unit-test";
		};
		6AE3E7892D2CFC0900BD01F2 /* swiftUI_landmarksUITests */ = {
			isa = PBXNativeTarget;
			buildConfigurationList = 6AE3E79A2D2CFC0900BD01F2 /* Build configuration list for PBXNativeTarget "swiftUI_landmarksUITests" */;
			buildPhases = (
				6AE3E7862D2CFC0900BD01F2 /* Sources */,
				6AE3E7872D2CFC0900BD01F2 /* Frameworks */,
				6AE3E7882D2CFC0900BD01F2 /* Resources */,
			);
			buildRules = (
			);
			dependencies = (
				6AE3E78C2D2CFC0900BD01F2 /* PBXTargetDependency */,
			);
			fileSystemSynchronizedGroups = (
				6AE3E78D2D2CFC0900BD01F2 /* swiftUI_landmarksUITests */,
			);
			name = swiftUI_landmarksUITests;
			packageProductDependencies = (
			);
			productName = swiftUI_landmarksUITests;
			productReference = 6AE3E78A2D2CFC0900BD01F2 /* swiftUI_landmarksUITests.xctest */;
			productType = "com.apple.product-type.bundle.ui-testing";
		};
/* End PBXNativeTarget section */

/* Begin PBXProject section */
		6AE3E7682D2CFC0600BD01F2 /* Project object */ = {
			isa = PBXProject;
			attributes = {
				BuildIndependentTargetsInParallel = 1;
				LastSwiftUpdateCheck = 1620;
				LastUpgradeCheck = 1620;
				TargetAttributes = {
					6A3356292D30D0860073BBC0 = {
						CreatedOnToolsVersion = 16.2;
					};
					6A3356382D30D0880073BBC0 = {
						CreatedOnToolsVersion = 16.2;
						TestTargetID = 6A3356292D30D0860073BBC0;
					};
					6A3356422D30D0880073BBC0 = {
						CreatedOnToolsVersion = 16.2;
						TestTargetID = 6A3356292D30D0860073BBC0;
					};
					6AE3E76F2D2CFC0600BD01F2 = {
						CreatedOnToolsVersion = 16.2;
					};
					6AE3E77F2D2CFC0900BD01F2 = {
						CreatedOnToolsVersion = 16.2;
						TestTargetID = 6AE3E76F2D2CFC0600BD01F2;
					};
					6AE3E7892D2CFC0900BD01F2 = {
						CreatedOnToolsVersion = 16.2;
						TestTargetID = 6AE3E76F2D2CFC0600BD01F2;
					};
				};
			};
			buildConfigurationList = 6AE3E76B2D2CFC0600BD01F2 /* Build configuration list for PBXProject "swiftUI_landmarks" */;
			developmentRegion = en;
			hasScannedForEncodings = 0;
			knownRegions = (
				en,
				Base,
			);
			mainGroup = 6AE3E7672D2CFC0600BD01F2;
			minimizedProjectReferenceProxies = 1;
			preferredProjectObjectVersion = 77;
			productRefGroup = 6AE3E7712D2CFC0600BD01F2 /* Products */;
			projectDirPath = "";
			projectRoot = "";
			targets = (
				6AE3E76F2D2CFC0600BD01F2 /* swiftUI_landmarks */,
				6AE3E77F2D2CFC0900BD01F2 /* swiftUI_landmarksTests */,
				6AE3E7892D2CFC0900BD01F2 /* swiftUI_landmarksUITests */,
				6A3356292D30D0860073BBC0 /* WatchLandmarks Watch App */,
				6A3356382D30D0880073BBC0 /* WatchLandmarks Watch AppTests */,
				6A3356422D30D0880073BBC0 /* WatchLandmarks Watch AppUITests */,
			);
		};
/* End PBXProject section */

/* Begin PBXResourcesBuildPhase section */
		6A3356282D30D0860073BBC0 /* Resources */ = {
			isa = PBXResourcesBuildPhase;
			buildActionMask = 2147483647;
			files = (
			);
			runOnlyForDeploymentPostprocessing = 0;
		};
		6A3356372D30D0880073BBC0 /* Resources */ = {
			isa = PBXResourcesBuildPhase;
			buildActionMask = 2147483647;
			files = (
			);
			runOnlyForDeploymentPostprocessing = 0;
		};
		6A3356412D30D0880073BBC0 /* Resources */ = {
			isa = PBXResourcesBuildPhase;
			buildActionMask = 2147483647;
			files = (
			);
			runOnlyForDeploymentPostprocessing = 0;
		};
		6AE3E76E2D2CFC0600BD01F2 /* Resources */ = {
			isa = PBXResourcesBuildPhase;
			buildActionMask = 2147483647;
			files = (
			);
			runOnlyForDeploymentPostprocessing = 0;
		};
		6AE3E77E2D2CFC0900BD01F2 /* Resources */ = {
			isa = PBXResourcesBuildPhase;
			buildActionMask = 2147483647;
			files = (
			);
			runOnlyForDeploymentPostprocessing = 0;
		};
		6AE3E7882D2CFC0900BD01F2 /* Resources */ = {
			isa = PBXResourcesBuildPhase;
			buildActionMask = 2147483647;
			files = (
			);
			runOnlyForDeploymentPostprocessing = 0;
		};
/* End PBXResourcesBuildPhase section */

/* Begin PBXSourcesBuildPhase section */
		6A3356262D30D0860073BBC0 /* Sources */ = {
			isa = PBXSourcesBuildPhase;
			buildActionMask = 2147483647;
			files = (
			);
			runOnlyForDeploymentPostprocessing = 0;
		};
		6A3356352D30D0880073BBC0 /* Sources */ = {
			isa = PBXSourcesBuildPhase;
			buildActionMask = 2147483647;
			files = (
			);
			runOnlyForDeploymentPostprocessing = 0;
		};
		6A33563F2D30D0880073BBC0 /* Sources */ = {
			isa = PBXSourcesBuildPhase;
			buildActionMask = 2147483647;
			files = (
			);
			runOnlyForDeploymentPostprocessing = 0;
		};
		6AE3E76C2D2CFC0600BD01F2 /* Sources */ = {
			isa = PBXSourcesBuildPhase;
			buildActionMask = 2147483647;
			files = (
			);
			runOnlyForDeploymentPostprocessing = 0;
		};
		6AE3E77C2D2CFC0900BD01F2 /* Sources */ = {
			isa = PBXSourcesBuildPhase;
			buildActionMask = 2147483647;
			files = (
			);
			runOnlyForDeploymentPostprocessing = 0;
		};
		6AE3E7862D2CFC0900BD01F2 /* Sources */ = {
			isa = PBXSourcesBuildPhase;
			buildActionMask = 2147483647;
			files = (
			);
			runOnlyForDeploymentPostprocessing = 0;
		};
/* End PBXSourcesBuildPhase section */

/* Begin PBXTargetDependency section */
		6A33563B2D30D0880073BBC0 /* PBXTargetDependency */ = {
			isa = PBXTargetDependency;
			target = 6A3356292D30D0860073BBC0 /* WatchLandmarks Watch App */;
			targetProxy = 6A33563A2D30D0880073BBC0 /* PBXContainerItemProxy */;
		};
		6A3356452D30D0880073BBC0 /* PBXTargetDependency */ = {
			isa = PBXTargetDependency;
			target = 6A3356292D30D0860073BBC0 /* WatchLandmarks Watch App */;
			targetProxy = 6A3356442D30D0880073BBC0 /* PBXContainerItemProxy */;
		};
		6A33564C2D30D0880073BBC0 /* PBXTargetDependency */ = {
			isa = PBXTargetDependency;
			target = 6A3356292D30D0860073BBC0 /* WatchLandmarks Watch App */;
			targetProxy = 6A33564B2D30D0880073BBC0 /* PBXContainerItemProxy */;
		};
		6AE3E7822D2CFC0900BD01F2 /* PBXTargetDependency */ = {
			isa = PBXTargetDependency;
			target = 6AE3E76F2D2CFC0600BD01F2 /* swiftUI_landmarks */;
			targetProxy = 6AE3E7812D2CFC0900BD01F2 /* PBXContainerItemProxy */;
		};
		6AE3E78C2D2CFC0900BD01F2 /* PBXTargetDependency */ = {
			isa = PBXTargetDependency;
			target = 6AE3E76F2D2CFC0600BD01F2 /* swiftUI_landmarks */;
			targetProxy = 6AE3E78B2D2CFC0900BD01F2 /* PBXContainerItemProxy */;
		};
/* End PBXTargetDependency section */

/* Begin XCBuildConfiguration section */
		6A33564F2D30D0880073BBC0 /* Debug */ = {
			isa = XCBuildConfiguration;
			buildSettings = {
				ASSETCATALOG_COMPILER_APPICON_NAME = AppIcon;
				ASSETCATALOG_COMPILER_GLOBAL_ACCENT_COLOR_NAME = AccentColor;
				CODE_SIGN_STYLE = Automatic;
				CURRENT_PROJECT_VERSION = 1;
				DEVELOPMENT_ASSET_PATHS = "\"WatchLandmarks Watch App/Preview Content\"";
				ENABLE_PREVIEWS = YES;
				GENERATE_INFOPLIST_FILE = YES;
				INFOPLIST_KEY_CFBundleDisplayName = WatchLandmarks;
				INFOPLIST_KEY_UISupportedInterfaceOrientations = "UIInterfaceOrientationPortrait UIInterfaceOrientationPortraitUpsideDown";
				INFOPLIST_KEY_WKCompanionAppBundleIdentifier = "tw.com.uuu.swiftUI-landmarks";
				LD_RUNPATH_SEARCH_PATHS = (
					"$(inherited)",
					"@executable_path/Frameworks",
				);
				MARKETING_VERSION = 1.0;
				PRODUCT_BUNDLE_IDENTIFIER = "tw.com.uuu.swiftUI-landmarks.watchkitapp";
				PRODUCT_NAME = "$(TARGET_NAME)";
				SDKROOT = watchos;
				SKIP_INSTALL = YES;
				SWIFT_EMIT_LOC_STRINGS = YES;
				SWIFT_VERSION = 5.0;
				TARGETED_DEVICE_FAMILY = 4;
				WATCHOS_DEPLOYMENT_TARGET = 11.2;
			};
			name = Debug;
		};
		6A3356502D30D0880073BBC0 /* Release */ = {
			isa = XCBuildConfiguration;
			buildSettings = {
				ASSETCATALOG_COMPILER_APPICON_NAME = AppIcon;
				ASSETCATALOG_COMPILER_GLOBAL_ACCENT_COLOR_NAME = AccentColor;
				CODE_SIGN_STYLE = Automatic;
				CURRENT_PROJECT_VERSION = 1;
				DEVELOPMENT_ASSET_PATHS = "\"WatchLandmarks Watch App/Preview Content\"";
				ENABLE_PREVIEWS = YES;
				GENERATE_INFOPLIST_FILE = YES;
				INFOPLIST_KEY_CFBundleDisplayName = WatchLandmarks;
				INFOPLIST_KEY_UISupportedInterfaceOrientations = "UIInterfaceOrientationPortrait UIInterfaceOrientationPortraitUpsideDown";
				INFOPLIST_KEY_WKCompanionAppBundleIdentifier = "tw.com.uuu.swiftUI-landmarks";
				LD_RUNPATH_SEARCH_PATHS = (
					"$(inherited)",
					"@executable_path/Frameworks",
				);
				MARKETING_VERSION = 1.0;
				PRODUCT_BUNDLE_IDENTIFIER = "tw.com.uuu.swiftUI-landmarks.watchkitapp";
				PRODUCT_NAME = "$(TARGET_NAME)";
				SDKROOT = watchos;
				SKIP_INSTALL = YES;
				SWIFT_EMIT_LOC_STRINGS = YES;
				SWIFT_VERSION = 5.0;
				TARGETED_DEVICE_FAMILY = 4;
				WATCHOS_DEPLOYMENT_TARGET = 11.2;
			};
			name = Release;
		};
		6A3356512D30D0880073BBC0 /* Debug */ = {
			isa = XCBuildConfiguration;
			buildSettings = {
				BUNDLE_LOADER = "$(TEST_HOST)";
				CODE_SIGN_STYLE = Automatic;
				CURRENT_PROJECT_VERSION = 1;
				GENERATE_INFOPLIST_FILE = YES;
				MARKETING_VERSION = 1.0;
				PRODUCT_BUNDLE_IDENTIFIER = "tw.com.uuu.WatchLandmarks-Watch-AppTests";
				PRODUCT_NAME = "$(TARGET_NAME)";
				SDKROOT = watchos;
				SWIFT_EMIT_LOC_STRINGS = NO;
				SWIFT_VERSION = 5.0;
				TARGETED_DEVICE_FAMILY = 4;
				TEST_HOST = "$(BUILT_PRODUCTS_DIR)/WatchLandmarks Watch App.app/$(BUNDLE_EXECUTABLE_FOLDER_PATH)/WatchLandmarks Watch App";
				WATCHOS_DEPLOYMENT_TARGET = 11.2;
			};
			name = Debug;
		};
		6A3356522D30D0880073BBC0 /* Release */ = {
			isa = XCBuildConfiguration;
			buildSettings = {
				BUNDLE_LOADER = "$(TEST_HOST)";
				CODE_SIGN_STYLE = Automatic;
				CURRENT_PROJECT_VERSION = 1;
				GENERATE_INFOPLIST_FILE = YES;
				MARKETING_VERSION = 1.0;
				PRODUCT_BUNDLE_IDENTIFIER = "tw.com.uuu.WatchLandmarks-Watch-AppTests";
				PRODUCT_NAME = "$(TARGET_NAME)";
				SDKROOT = watchos;
				SWIFT_EMIT_LOC_STRINGS = NO;
				SWIFT_VERSION = 5.0;
				TARGETED_DEVICE_FAMILY = 4;
				TEST_HOST = "$(BUILT_PRODUCTS_DIR)/WatchLandmarks Watch App.app/$(BUNDLE_EXECUTABLE_FOLDER_PATH)/WatchLandmarks Watch App";
				WATCHOS_DEPLOYMENT_TARGET = 11.2;
			};
			name = Release;
		};
		6A3356532D30D0880073BBC0 /* Debug */ = {
			isa = XCBuildConfiguration;
			buildSettings = {
				CODE_SIGN_STYLE = Automatic;
				CURRENT_PROJECT_VERSION = 1;
				GENERATE_INFOPLIST_FILE = YES;
				MARKETING_VERSION = 1.0;
				PRODUCT_BUNDLE_IDENTIFIER = "tw.com.uuu.WatchLandmarks-Watch-AppUITests";
				PRODUCT_NAME = "$(TARGET_NAME)";
				SDKROOT = watchos;
				SWIFT_EMIT_LOC_STRINGS = NO;
				SWIFT_VERSION = 5.0;
				TARGETED_DEVICE_FAMILY = 4;
				TEST_TARGET_NAME = "WatchLandmarks Watch App";
				WATCHOS_DEPLOYMENT_TARGET = 11.2;
			};
			name = Debug;
		};
		6A3356542D30D0880073BBC0 /* Release */ = {
			isa = XCBuildConfiguration;
			buildSettings = {
				CODE_SIGN_STYLE = Automatic;
				CURRENT_PROJECT_VERSION = 1;
				GENERATE_INFOPLIST_FILE = YES;
				MARKETING_VERSION = 1.0;
				PRODUCT_BUNDLE_IDENTIFIER = "tw.com.uuu.WatchLandmarks-Watch-AppUITests";
				PRODUCT_NAME = "$(TARGET_NAME)";
				SDKROOT = watchos;
				SWIFT_EMIT_LOC_STRINGS = NO;
				SWIFT_VERSION = 5.0;
				TARGETED_DEVICE_FAMILY = 4;
				TEST_TARGET_NAME = "WatchLandmarks Watch App";
				WATCHOS_DEPLOYMENT_TARGET = 11.2;
			};
			name = Release;
		};
		6AE3E7922D2CFC0900BD01F2 /* Debug */ = {
			isa = XCBuildConfiguration;
			buildSettings = {
				ALWAYS_SEARCH_USER_PATHS = NO;
				ASSETCATALOG_COMPILER_GENERATE_SWIFT_ASSET_SYMBOL_EXTENSIONS = YES;
				CLANG_ANALYZER_NONNULL = YES;
				CLANG_ANALYZER_NUMBER_OBJECT_CONVERSION = YES_AGGRESSIVE;
				CLANG_CXX_LANGUAGE_STANDARD = "gnu++20";
				CLANG_ENABLE_MODULES = YES;
				CLANG_ENABLE_OBJC_ARC = YES;
				CLANG_ENABLE_OBJC_WEAK = YES;
				CLANG_WARN_BLOCK_CAPTURE_AUTORELEASING = YES;
				CLANG_WARN_BOOL_CONVERSION = YES;
				CLANG_WARN_COMMA = YES;
				CLANG_WARN_CONSTANT_CONVERSION = YES;
				CLANG_WARN_DEPRECATED_OBJC_IMPLEMENTATIONS = YES;
				CLANG_WARN_DIRECT_OBJC_ISA_USAGE = YES_ERROR;
				CLANG_WARN_DOCUMENTATION_COMMENTS = YES;
				CLANG_WARN_EMPTY_BODY = YES;
				CLANG_WARN_ENUM_CONVERSION = YES;
				CLANG_WARN_INFINITE_RECURSION = YES;
				CLANG_WARN_INT_CONVERSION = YES;
				CLANG_WARN_NON_LITERAL_NULL_CONVERSION = YES;
				CLANG_WARN_OBJC_IMPLICIT_RETAIN_SELF = YES;
				CLANG_WARN_OBJC_LITERAL_CONVERSION = YES;
				CLANG_WARN_OBJC_ROOT_CLASS = YES_ERROR;
				CLANG_WARN_QUOTED_INCLUDE_IN_FRAMEWORK_HEADER = YES;
				CLANG_WARN_RANGE_LOOP_ANALYSIS = YES;
				CLANG_WARN_STRICT_PROTOTYPES = YES;
				CLANG_WARN_SUSPICIOUS_MOVE = YES;
				CLANG_WARN_UNGUARDED_AVAILABILITY = YES_AGGRESSIVE;
				CLANG_WARN_UNREACHABLE_CODE = YES;
				CLANG_WARN__DUPLICATE_METHOD_MATCH = YES;
				COPY_PHASE_STRIP = NO;
				DEBUG_INFORMATION_FORMAT = dwarf;
				ENABLE_STRICT_OBJC_MSGSEND = YES;
				ENABLE_TESTABILITY = YES;
				ENABLE_USER_SCRIPT_SANDBOXING = YES;
				GCC_C_LANGUAGE_STANDARD = gnu17;
				GCC_DYNAMIC_NO_PIC = NO;
				GCC_NO_COMMON_BLOCKS = YES;
				GCC_OPTIMIZATION_LEVEL = 0;
				GCC_PREPROCESSOR_DEFINITIONS = (
					"DEBUG=1",
					"$(inherited)",
				);
				GCC_WARN_64_TO_32_BIT_CONVERSION = YES;
				GCC_WARN_ABOUT_RETURN_TYPE = YES_ERROR;
				GCC_WARN_UNDECLARED_SELECTOR = YES;
				GCC_WARN_UNINITIALIZED_AUTOS = YES_AGGRESSIVE;
				GCC_WARN_UNUSED_FUNCTION = YES;
				GCC_WARN_UNUSED_VARIABLE = YES;
				IPHONEOS_DEPLOYMENT_TARGET = 18.2;
				LOCALIZATION_PREFERS_STRING_CATALOGS = YES;
				MTL_ENABLE_DEBUG_INFO = INCLUDE_SOURCE;
				MTL_FAST_MATH = YES;
				ONLY_ACTIVE_ARCH = YES;
				SDKROOT = iphoneos;
				SWIFT_ACTIVE_COMPILATION_CONDITIONS = "DEBUG $(inherited)";
				SWIFT_OPTIMIZATION_LEVEL = "-Onone";
			};
			name = Debug;
		};
		6AE3E7932D2CFC0900BD01F2 /* Release */ = {
			isa = XCBuildConfiguration;
			buildSettings = {
				ALWAYS_SEARCH_USER_PATHS = NO;
				ASSETCATALOG_COMPILER_GENERATE_SWIFT_ASSET_SYMBOL_EXTENSIONS = YES;
				CLANG_ANALYZER_NONNULL = YES;
				CLANG_ANALYZER_NUMBER_OBJECT_CONVERSION = YES_AGGRESSIVE;
				CLANG_CXX_LANGUAGE_STANDARD = "gnu++20";
				CLANG_ENABLE_MODULES = YES;
				CLANG_ENABLE_OBJC_ARC = YES;
				CLANG_ENABLE_OBJC_WEAK = YES;
				CLANG_WARN_BLOCK_CAPTURE_AUTORELEASING = YES;
				CLANG_WARN_BOOL_CONVERSION = YES;
				CLANG_WARN_COMMA = YES;
				CLANG_WARN_CONSTANT_CONVERSION = YES;
				CLANG_WARN_DEPRECATED_OBJC_IMPLEMENTATIONS = YES;
				CLANG_WARN_DIRECT_OBJC_ISA_USAGE = YES_ERROR;
				CLANG_WARN_DOCUMENTATION_COMMENTS = YES;
				CLANG_WARN_EMPTY_BODY = YES;
				CLANG_WARN_ENUM_CONVERSION = YES;
				CLANG_WARN_INFINITE_RECURSION = YES;
				CLANG_WARN_INT_CONVERSION = YES;
				CLANG_WARN_NON_LITERAL_NULL_CONVERSION = YES;
				CLANG_WARN_OBJC_IMPLICIT_RETAIN_SELF = YES;
				CLANG_WARN_OBJC_LITERAL_CONVERSION = YES;
				CLANG_WARN_OBJC_ROOT_CLASS = YES_ERROR;
				CLANG_WARN_QUOTED_INCLUDE_IN_FRAMEWORK_HEADER = YES;
				CLANG_WARN_RANGE_LOOP_ANALYSIS = YES;
				CLANG_WARN_STRICT_PROTOTYPES = YES;
				CLANG_WARN_SUSPICIOUS_MOVE = YES;
				CLANG_WARN_UNGUARDED_AVAILABILITY = YES_AGGRESSIVE;
				CLANG_WARN_UNREACHABLE_CODE = YES;
				CLANG_WARN__DUPLICATE_METHOD_MATCH = YES;
				COPY_PHASE_STRIP = NO;
				DEBUG_INFORMATION_FORMAT = "dwarf-with-dsym";
				ENABLE_NS_ASSERTIONS = NO;
				ENABLE_STRICT_OBJC_MSGSEND = YES;
				ENABLE_USER_SCRIPT_SANDBOXING = YES;
				GCC_C_LANGUAGE_STANDARD = gnu17;
				GCC_NO_COMMON_BLOCKS = YES;
				GCC_WARN_64_TO_32_BIT_CONVERSION = YES;
				GCC_WARN_ABOUT_RETURN_TYPE = YES_ERROR;
				GCC_WARN_UNDECLARED_SELECTOR = YES;
				GCC_WARN_UNINITIALIZED_AUTOS = YES_AGGRESSIVE;
				GCC_WARN_UNUSED_FUNCTION = YES;
				GCC_WARN_UNUSED_VARIABLE = YES;
				IPHONEOS_DEPLOYMENT_TARGET = 18.2;
				LOCALIZATION_PREFERS_STRING_CATALOGS = YES;
				MTL_ENABLE_DEBUG_INFO = NO;
				MTL_FAST_MATH = YES;
				SDKROOT = iphoneos;
				SWIFT_COMPILATION_MODE = wholemodule;
				VALIDATE_PRODUCT = YES;
			};
			name = Release;
		};
		6AE3E7952D2CFC0900BD01F2 /* Debug */ = {
			isa = XCBuildConfiguration;
			buildSettings = {
				ASSETCATALOG_COMPILER_APPICON_NAME = AppIcon;
				ASSETCATALOG_COMPILER_GLOBAL_ACCENT_COLOR_NAME = AccentColor;
				CODE_SIGN_STYLE = Automatic;
				CURRENT_PROJECT_VERSION = 1;
				DEVELOPMENT_ASSET_PATHS = "\"swiftUI_landmarks/Preview Content\"";
				ENABLE_PREVIEWS = YES;
				GENERATE_INFOPLIST_FILE = YES;
				INFOPLIST_KEY_UIApplicationSceneManifest_Generation = YES;
				INFOPLIST_KEY_UIApplicationSupportsIndirectInputEvents = YES;
				INFOPLIST_KEY_UILaunchScreen_Generation = YES;
				INFOPLIST_KEY_UISupportedInterfaceOrientations_iPad = "UIInterfaceOrientationPortrait UIInterfaceOrientationPortraitUpsideDown UIInterfaceOrientationLandscapeLeft UIInterfaceOrientationLandscapeRight";
				INFOPLIST_KEY_UISupportedInterfaceOrientations_iPhone = "UIInterfaceOrientationPortrait UIInterfaceOrientationLandscapeLeft UIInterfaceOrientationLandscapeRight";
				LD_RUNPATH_SEARCH_PATHS = (
					"$(inherited)",
					"@executable_path/Frameworks",
				);
				MARKETING_VERSION = 1.0;
				PRODUCT_BUNDLE_IDENTIFIER = "tw.com.uuu.swiftUI-landmarks";
				PRODUCT_NAME = "$(TARGET_NAME)";
				SWIFT_EMIT_LOC_STRINGS = YES;
				SWIFT_VERSION = 5.0;
				TARGETED_DEVICE_FAMILY = "1,2";
			};
			name = Debug;
		};
		6AE3E7962D2CFC0900BD01F2 /* Release */ = {
			isa = XCBuildConfiguration;
			buildSettings = {
				ASSETCATALOG_COMPILER_APPICON_NAME = AppIcon;
				ASSETCATALOG_COMPILER_GLOBAL_ACCENT_COLOR_NAME = AccentColor;
				CODE_SIGN_STYLE = Automatic;
				CURRENT_PROJECT_VERSION = 1;
				DEVELOPMENT_ASSET_PATHS = "\"swiftUI_landmarks/Preview Content\"";
				ENABLE_PREVIEWS = YES;
				GENERATE_INFOPLIST_FILE = YES;
				INFOPLIST_KEY_UIApplicationSceneManifest_Generation = YES;
				INFOPLIST_KEY_UIApplicationSupportsIndirectInputEvents = YES;
				INFOPLIST_KEY_UILaunchScreen_Generation = YES;
				INFOPLIST_KEY_UISupportedInterfaceOrientations_iPad = "UIInterfaceOrientationPortrait UIInterfaceOrientationPortraitUpsideDown UIInterfaceOrientationLandscapeLeft UIInterfaceOrientationLandscapeRight";
				INFOPLIST_KEY_UISupportedInterfaceOrientations_iPhone = "UIInterfaceOrientationPortrait UIInterfaceOrientationLandscapeLeft UIInterfaceOrientationLandscapeRight";
				LD_RUNPATH_SEARCH_PATHS = (
					"$(inherited)",
					"@executable_path/Frameworks",
				);
				MARKETING_VERSION = 1.0;
				PRODUCT_BUNDLE_IDENTIFIER = "tw.com.uuu.swiftUI-landmarks";
				PRODUCT_NAME = "$(TARGET_NAME)";
				SWIFT_EMIT_LOC_STRINGS = YES;
				SWIFT_VERSION = 5.0;
				TARGETED_DEVICE_FAMILY = "1,2";
			};
			name = Release;
		};
		6AE3E7982D2CFC0900BD01F2 /* Debug */ = {
			isa = XCBuildConfiguration;
			buildSettings = {
				BUNDLE_LOADER = "$(TEST_HOST)";
				CODE_SIGN_STYLE = Automatic;
				CURRENT_PROJECT_VERSION = 1;
				GENERATE_INFOPLIST_FILE = YES;
				IPHONEOS_DEPLOYMENT_TARGET = 18.2;
				MARKETING_VERSION = 1.0;
				PRODUCT_BUNDLE_IDENTIFIER = "tw.com.uuu.swiftUI-landmarksTests";
				PRODUCT_NAME = "$(TARGET_NAME)";
				SWIFT_EMIT_LOC_STRINGS = NO;
				SWIFT_VERSION = 5.0;
				TARGETED_DEVICE_FAMILY = "1,2";
				TEST_HOST = "$(BUILT_PRODUCTS_DIR)/swiftUI_landmarks.app/$(BUNDLE_EXECUTABLE_FOLDER_PATH)/swiftUI_landmarks";
			};
			name = Debug;
		};
		6AE3E7992D2CFC0900BD01F2 /* Release */ = {
			isa = XCBuildConfiguration;
			buildSettings = {
				BUNDLE_LOADER = "$(TEST_HOST)";
				CODE_SIGN_STYLE = Automatic;
				CURRENT_PROJECT_VERSION = 1;
				GENERATE_INFOPLIST_FILE = YES;
				IPHONEOS_DEPLOYMENT_TARGET = 18.2;
				MARKETING_VERSION = 1.0;
				PRODUCT_BUNDLE_IDENTIFIER = "tw.com.uuu.swiftUI-landmarksTests";
				PRODUCT_NAME = "$(TARGET_NAME)";
				SWIFT_EMIT_LOC_STRINGS = NO;
				SWIFT_VERSION = 5.0;
				TARGETED_DEVICE_FAMILY = "1,2";
				TEST_HOST = "$(BUILT_PRODUCTS_DIR)/swiftUI_landmarks.app/$(BUNDLE_EXECUTABLE_FOLDER_PATH)/swiftUI_landmarks";
			};
			name = Release;
		};
		6AE3E79B2D2CFC0900BD01F2 /* Debug */ = {
			isa = XCBuildConfiguration;
			buildSettings = {
				CODE_SIGN_STYLE = Automatic;
				CURRENT_PROJECT_VERSION = 1;
				GENERATE_INFOPLIST_FILE = YES;
				MARKETING_VERSION = 1.0;
				PRODUCT_BUNDLE_IDENTIFIER = "tw.com.uuu.swiftUI-landmarksUITests";
				PRODUCT_NAME = "$(TARGET_NAME)";
				SWIFT_EMIT_LOC_STRINGS = NO;
				SWIFT_VERSION = 5.0;
				TARGETED_DEVICE_FAMILY = "1,2";
				TEST_TARGET_NAME = swiftUI_landmarks;
			};
			name = Debug;
		};
		6AE3E79C2D2CFC0900BD01F2 /* Release */ = {
			isa = XCBuildConfiguration;
			buildSettings = {
				CODE_SIGN_STYLE = Automatic;
				CURRENT_PROJECT_VERSION = 1;
				GENERATE_INFOPLIST_FILE = YES;
				MARKETING_VERSION = 1.0;
				PRODUCT_BUNDLE_IDENTIFIER = "tw.com.uuu.swiftUI-landmarksUITests";
				PRODUCT_NAME = "$(TARGET_NAME)";
				SWIFT_EMIT_LOC_STRINGS = NO;
				SWIFT_VERSION = 5.0;
				TARGETED_DEVICE_FAMILY = "1,2";
				TEST_TARGET_NAME = swiftUI_landmarks;
			};
			name = Release;
		};
/* End XCBuildConfiguration section */

/* Begin XCConfigurationList section */
		6A3356552D30D0880073BBC0 /* Build configuration list for PBXNativeTarget "WatchLandmarks Watch App" */ = {
			isa = XCConfigurationList;
			buildConfigurations = (
				6A33564F2D30D0880073BBC0 /* Debug */,
				6A3356502D30D0880073BBC0 /* Release */,
			);
			defaultConfigurationIsVisible = 0;
			defaultConfigurationName = Release;
		};
		6A3356562D30D0880073BBC0 /* Build configuration list for PBXNativeTarget "WatchLandmarks Watch AppTests" */ = {
			isa = XCConfigurationList;
			buildConfigurations = (
				6A3356512D30D0880073BBC0 /* Debug */,
				6A3356522D30D0880073BBC0 /* Release */,
			);
			defaultConfigurationIsVisible = 0;
			defaultConfigurationName = Release;
		};
		6A3356572D30D0880073BBC0 /* Build configuration list for PBXNativeTarget "WatchLandmarks Watch AppUITests" */ = {
			isa = XCConfigurationList;
			buildConfigurations = (
				6A3356532D30D0880073BBC0 /* Debug */,
				6A3356542D30D0880073BBC0 /* Release */,
			);
			defaultConfigurationIsVisible = 0;
			defaultConfigurationName = Release;
		};
		6AE3E76B2D2CFC0600BD01F2 /* Build configuration list for PBXProject "swiftUI_landmarks" */ = {
			isa = XCConfigurationList;
			buildConfigurations = (
				6AE3E7922D2CFC0900BD01F2 /* Debug */,
				6AE3E7932D2CFC0900BD01F2 /* Release */,
			);
			defaultConfigurationIsVisible = 0;
			defaultConfigurationName = Release;
		};
		6AE3E7942D2CFC0900BD01F2 /* Build configuration list for PBXNativeTarget "swiftUI_landmarks" */ = {
			isa = XCConfigurationList;
			buildConfigurations = (
				6AE3E7952D2CFC0900BD01F2 /* Debug */,
				6AE3E7962D2CFC0900BD01F2 /* Release */,
			);
			defaultConfigurationIsVisible = 0;
			defaultConfigurationName = Release;
		};
		6AE3E7972D2CFC0900BD01F2 /* Build configuration list for PBXNativeTarget "swiftUI_landmarksTests" */ = {
			isa = XCConfigurationList;
			buildConfigurations = (
				6AE3E7982D2CFC0900BD01F2 /* Debug */,
				6AE3E7992D2CFC0900BD01F2 /* Release */,
			);
			defaultConfigurationIsVisible = 0;
			defaultConfigurationName = Release;
		};
		6AE3E79A2D2CFC0900BD01F2 /* Build configuration list for PBXNativeTarget "swiftUI_landmarksUITests" */ = {
			isa = XCConfigurationList;
			buildConfigurations = (
				6AE3E79B2D2CFC0900BD01F2 /* Debug */,
				6AE3E79C2D2CFC0900BD01F2 /* Release */,
			);
			defaultConfigurationIsVisible = 0;
			defaultConfigurationName = Release;
		};
/* End XCConfigurationList section */
	};
	rootObject = 6AE3E7682D2CFC0600BD01F2 /* Project object */;
}
